{
  "object": {
    "pins": [
      {
        "package": "BitByteData",
        "repositoryURL": "https://github.com/tsolomko/BitByteData",
        "state": {
          "branch": null,
          "revision": "3ee55b113ae52d5c1f4cbec0ed4eae613dcd7eff",
          "version": "1.4.3"
        }
      },
      {
        "package": "SWCompression",
        "repositoryURL": "https://github.com/tsolomko/SWCompression.git",
        "state": {
          "branch": null,
          "revision": "4fa4adcf5bbf263388edcbf2631987039a84b389",
          "version": "4.5.7"
        }
      }
    ]
  },
  "version": 1
}
