// !$*UTF8*$!
{
	archiveVersion = 1;
	classes = {
	};
	objectVersion = 50;
	objects = {

/* Begin PBXBuildFile section */
		DEF3E8172569E03F00928809 /* ImagesApp.swift in Sources */ = {isa = PBXBuildFile; fileRef = DEF3E8162569E03F00928809 /* ImagesApp.swift */; };
		DEF3E8192569E03F00928809 /* ContentView.swift in Sources */ = {isa = PBXBuildFile; fileRef = DEF3E8182569E03F00928809 /* ContentView.swift */; };
		DEF3E81B2569E04200928809 /* Assets.xcassets in Resources */ = {isa = PBXBuildFile; fileRef = DEF3E81A2569E04200928809 /* Assets.xcassets */; };
		DEF3E81E2569E04200928809 /* Preview Assets.xcassets in Resources */ = {isa = PBXBuildFile; fileRef = DEF3E81D2569E04200928809 /* Preview Assets.xcassets */; };
		DEF3E8292569E04200928809 /* ImagesTests.swift in Sources */ = {isa = PBXBuildFile; fileRef = DEF3E8282569E04200928809 /* ImagesTests.swift */; };
		DEF3E8342569E04200928809 /* ImagesUITests.swift in Sources */ = {isa = PBXBuildFile; fileRef = DEF3E8332569E04200928809 /* ImagesUITests.swift */; };
/* End PBXBuildFile section */

/* Begin PBXContainerItemProxy section */
		DEF3E8252569E04200928809 /* PBXContainerItemProxy */ = {
			isa = PBXContainerItemProxy;
			containerPortal = DEF3E80B2569E03F00928809 /* Project object */;
			proxyType = 1;
			remoteGlobalIDString = DEF3E8122569E03F00928809;
			remoteInfo = Images;
		};
		DEF3E8302569E04200928809 /* PBXContainerItemProxy */ = {
			isa = PBXContainerItemProxy;
			containerPortal = DEF3E80B2569E03F00928809 /* Project object */;
			proxyType = 1;
			remoteGlobalIDString = DEF3E8122569E03F00928809;
			remoteInfo = Images;
		};
/* End PBXContainerItemProxy section */

/* Begin PBXFileReference section */
		DEF3E8132569E03F00928809 /* Images.app */ = {isa = PBXFileReference; explicitFileType = wrapper.application; includeInIndex = 0; path = Images.app; sourceTree = BUILT_PRODUCTS_DIR; };
		DEF3E8162569E03F00928809 /* ImagesApp.swift */ = {isa = PBXFileReference; lastKnownFileType = sourcecode.swift; path = ImagesApp.swift; sourceTree = "<group>"; };
		DEF3E8182569E03F00928809 /* ContentView.swift */ = {isa = PBXFileReference; lastKnownFileType = sourcecode.swift; path = ContentView.swift; sourceTree = "<group>"; };
		DEF3E81A2569E04200928809 /* Assets.xcassets */ = {isa = PBXFileReference; lastKnownFileType = folder.assetcatalog; path = Assets.xcassets; sourceTree = "<group>"; };
		DEF3E81D2569E04200928809 /* Preview Assets.xcassets */ = {isa = PBXFileReference; lastKnownFileType = folder.assetcatalog; path = "Preview Assets.xcassets"; sourceTree = "<group>"; };
		DEF3E81F2569E04200928809 /* Info.plist */ = {isa = PBXFileReference; lastKnownFileType = text.plist.xml; path = Info.plist; sourceTree = "<group>"; };
		DEF3E8242569E04200928809 /* ImagesTests.xctest */ = {isa = PBXFileReference; explicitFileType = wrapper.cfbundle; includeInIndex = 0; path = ImagesTests.xctest; sourceTree = BUILT_PRODUCTS_DIR; };
		DEF3E8282569E04200928809 /* ImagesTests.swift */ = {isa = PBXFileReference; lastKnownFileType = sourcecode.swift; path = ImagesTests.swift; sourceTree = "<group>"; };
		DEF3E82A2569E04200928809 /* Info.plist */ = {isa = PBXFileReference; lastKnownFileType = text.plist.xml; path = Info.plist; sourceTree = "<group>"; };
		DEF3E82F2569E04200928809 /* ImagesUITests.xctest */ = {isa = PBXFileReference; explicitFileType = wrapper.cfbundle; includeInIndex = 0; path = ImagesUITests.xctest; sourceTree = BUILT_PRODUCTS_DIR; };
		DEF3E8332569E04200928809 /* ImagesUITests.swift */ = {isa = PBXFileReference; lastKnownFileType = sourcecode.swift; path = ImagesUITests.swift; sourceTree = "<group>"; };
		DEF3E8352569E04200928809 /* Info.plist */ = {isa = PBXFileReference; lastKnownFileType = text.plist.xml; path = Info.plist; sourceTree = "<group>"; };
/* End PBXFileReference section */

/* Begin PBXFrameworksBuildPhase section */
		DEF3E8102569E03F00928809 /* Frameworks */ = {
			isa = PBXFrameworksBuildPhase;
			buildActionMask = 2147483647;
			files = (
			);
			runOnlyForDeploymentPostprocessing = 0;
		};
		DEF3E8212569E04200928809 /* Frameworks */ = {
			isa = PBXFrameworksBuildPhase;
			buildActionMask = 2147483647;
			files = (
			);
			runOnlyForDeploymentPostprocessing = 0;
		};
		DEF3E82C2569E04200928809 /* Frameworks */ = {
			isa = PBXFrameworksBuildPhase;
			buildActionMask = 2147483647;
			files = (
			);
			runOnlyForDeploymentPostprocessing = 0;
		};
/* End PBXFrameworksBuildPhase section */

/* Begin PBXGroup section */
		DEF3E80A2569E03F00928809 = {
			isa = PBXGroup;
			children = (
				DEF3E8152569E03F00928809 /* Images */,
				DEF3E8272569E04200928809 /* ImagesTests */,
				DEF3E8322569E04200928809 /* ImagesUITests */,
				DEF3E8142569E03F00928809 /* Products */,
			);
			sourceTree = "<group>";
		};
		DEF3E8142569E03F00928809 /* Products */ = {
			isa = PBXGroup;
			children = (
				DEF3E8132569E03F00928809 /* Images.app */,
				DEF3E8242569E04200928809 /* ImagesTests.xctest */,
				DEF3E82F2569E04200928809 /* ImagesUITests.xctest */,
			);
			name = Products;
			sourceTree = "<group>";
		};
		DEF3E8152569E03F00928809 /* Images */ = {
			isa = PBXGroup;
			children = (
				DEF3E8162569E03F00928809 /* ImagesApp.swift */,
				DEF3E8182569E03F00928809 /* ContentView.swift */,
				DEF3E81A2569E04200928809 /* Assets.xcassets */,
				DEF3E81F2569E04200928809 /* Info.plist */,
				DEF3E81C2569E04200928809 /* Preview Content */,
			);
			path = Images;
			sourceTree = "<group>";
		};
		DEF3E81C2569E04200928809 /* Preview Content */ = {
			isa = PBXGroup;
			children = (
				DEF3E81D2569E04200928809 /* Preview Assets.xcassets */,
			);
			path = "Preview Content";
			sourceTree = "<group>";
		};
		DEF3E8272569E04200928809 /* ImagesTests */ = {
			isa = PBXGroup;
			children = (
				DEF3E8282569E04200928809 /* ImagesTests.swift */,
				DEF3E82A2569E04200928809 /* Info.plist */,
			);
			path = ImagesTests;
			sourceTree = "<group>";
		};
		DEF3E8322569E04200928809 /* ImagesUITests */ = {
			isa = PBXGroup;
			children = (
				DEF3E8332569E04200928809 /* ImagesUITests.swift */,
				DEF3E8352569E04200928809 /* Info.plist */,
			);
			path = ImagesUITests;
			sourceTree = "<group>";
		};
/* End PBXGroup section */

/* Begin PBXNativeTarget section */
		DEF3E8122569E03F00928809 /* Images */ = {
			isa = PBXNativeTarget;
			buildConfigurationList = DEF3E8382569E04200928809 /* Build configuration list for PBXNativeTarget "Images" */;
			buildPhases = (
				DEF3E80F2569E03F00928809 /* Sources */,
				DEF3E8102569E03F00928809 /* Frameworks */,
				DEF3E8112569E03F00928809 /* Resources */,
			);
			buildRules = (
			);
			dependencies = (
			);
			name = Images;
			productName = Images;
			productReference = DEF3E8132569E03F00928809 /* Images.app */;
			productType = "com.apple.product-type.application";
		};
		DEF3E8232569E04200928809 /* ImagesTests */ = {
			isa = PBXNativeTarget;
			buildConfigurationList = DEF3E83B2569E04200928809 /* Build configuration list for PBXNativeTarget "ImagesTests" */;
			buildPhases = (
				DEF3E8202569E04200928809 /* Sources */,
				DEF3E8212569E04200928809 /* Frameworks */,
				DEF3E8222569E04200928809 /* Resources */,
			);
			buildRules = (
			);
			dependencies = (
				DEF3E8262569E04200928809 /* PBXTargetDependency */,
			);
			name = ImagesTests;
			productName = ImagesTests;
			productReference = DEF3E8242569E04200928809 /* ImagesTests.xctest */;
			productType = "com.apple.product-type.bundle.unit-test";
		};
		DEF3E82E2569E04200928809 /* ImagesUITests */ = {
			isa = PBXNativeTarget;
			buildConfigurationList = DEF3E83E2569E04200928809 /* Build configuration list for PBXNativeTarget "ImagesUITests" */;
			buildPhases = (
				DEF3E82B2569E04200928809 /* Sources */,
				DEF3E82C2569E04200928809 /* Frameworks */,
				DEF3E82D2569E04200928809 /* Resources */,
			);
			buildRules = (
			);
			dependencies = (
				DEF3E8312569E04200928809 /* PBXTargetDependency */,
			);
			name = ImagesUITests;
			productName = ImagesUITests;
			productReference = DEF3E82F2569E04200928809 /* ImagesUITests.xctest */;
			productType = "com.apple.product-type.bundle.ui-testing";
		};
/* End PBXNativeTarget section */

/* Begin PBXProject section */
		DEF3E80B2569E03F00928809 /* Project object */ = {
			isa = PBXProject;
			attributes = {
				LastSwiftUpdateCheck = 1220;
				LastUpgradeCheck = 1220;
				TargetAttributes = {
					DEF3E8122569E03F00928809 = {
						CreatedOnToolsVersion = 12.2;
					};
					DEF3E8232569E04200928809 = {
						CreatedOnToolsVersion = 12.2;
						TestTargetID = DEF3E8122569E03F00928809;
					};
					DEF3E82E2569E04200928809 = {
						CreatedOnToolsVersion = 12.2;
						TestTargetID = DEF3E8122569E03F00928809;
					};
				};
			};
			buildConfigurationList = DEF3E80E2569E03F00928809 /* Build configuration list for PBXProject "Images" */;
			compatibilityVersion = "Xcode 9.3";
			developmentRegion = en;
			hasScannedForEncodings = 0;
			knownRegions = (
				en,
				Base,
			);
			mainGroup = DEF3E80A2569E03F00928809;
			productRefGroup = DEF3E8142569E03F00928809 /* Products */;
			projectDirPath = "";
			projectRoot = "";
			targets = (
				DEF3E8122569E03F00928809 /* Images */,
				DEF3E8232569E04200928809 /* ImagesTests */,
				DEF3E82E2569E04200928809 /* ImagesUITests */,
			);
		};
/* End PBXProject section */

/* Begin PBXResourcesBuildPhase section */
		DEF3E8112569E03F00928809 /* Resources */ = {
			isa = PBXResourcesBuildPhase;
			buildActionMask = 2147483647;
			files = (
				DEF3E81E2569E04200928809 /* Preview Assets.xcassets in Resources */,
				DEF3E81B2569E04200928809 /* Assets.xcassets in Resources */,
			);
			runOnlyForDeploymentPostprocessing = 0;
		};
		DEF3E8222569E04200928809 /* Resources */ = {
			isa = PBXResourcesBuildPhase;
			buildActionMask = 2147483647;
			files = (
			);
			runOnlyForDeploymentPostprocessing = 0;
		};
		DEF3E82D2569E04200928809 /* Resources */ = {
			isa = PBXResourcesBuildPhase;
			buildActionMask = 2147483647;
			files = (
			);
			runOnlyForDeploymentPostprocessing = 0;
		};
/* End PBXResourcesBuildPhase section */

/* Begin PBXSourcesBuildPhase section */
		DEF3E80F2569E03F00928809 /* Sources */ = {
			isa = PBXSourcesBuildPhase;
			buildActionMask = 2147483647;
			files = (
				DEF3E8192569E03F00928809 /* ContentView.swift in Sources */,
				DEF3E8172569E03F00928809 /* ImagesApp.swift in Sources */,
			);
			runOnlyForDeploymentPostprocessing = 0;
		};
		DEF3E8202569E04200928809 /* Sources */ = {
			isa = PBXSourcesBuildPhase;
			buildActionMask = 2147483647;
			files = (
				DEF3E8292569E04200928809 /* ImagesTests.swift in Sources */,
			);
			runOnlyForDeploymentPostprocessing = 0;
		};
		DEF3E82B2569E04200928809 /* Sources */ = {
			isa = PBXSourcesBuildPhase;
			buildActionMask = 2147483647;
			files = (
				DEF3E8342569E04200928809 /* ImagesUITests.swift in Sources */,
			);
			runOnlyForDeploymentPostprocessing = 0;
		};
/* End PBXSourcesBuildPhase section */

/* Begin PBXTargetDependency section */
		DEF3E8262569E04200928809 /* PBXTargetDependency */ = {
			isa = PBXTargetDependency;
			target = DEF3E8122569E03F00928809 /* Images */;
			targetProxy = DEF3E8252569E04200928809 /* PBXContainerItemProxy */;
		};
		DEF3E8312569E04200928809 /* PBXTargetDependency */ = {
			isa = PBXTargetDependency;
			target = DEF3E8122569E03F00928809 /* Images */;
			targetProxy = DEF3E8302569E04200928809 /* PBXContainerItemProxy */;
		};
/* End PBXTargetDependency section */

/* Begin XCBuildConfiguration section */
		DEF3E8362569E04200928809 /* Debug */ = {
			isa = XCBuildConfiguration;
			buildSettings = {
				ALWAYS_SEARCH_USER_PATHS = NO;
				CLANG_ANALYZER_NONNULL = YES;
				CLANG_ANALYZER_NUMBER_OBJECT_CONVERSION = YES_AGGRESSIVE;
				CLANG_CXX_LANGUAGE_STANDARD = "gnu++14";
				CLANG_CXX_LIBRARY = "libc++";
				CLANG_ENABLE_MODULES = YES;
				CLANG_ENABLE_OBJC_ARC = YES;
				CLANG_ENABLE_OBJC_WEAK = YES;
				CLANG_WARN_BLOCK_CAPTURE_AUTORELEASING = YES;
				CLANG_WARN_BOOL_CONVERSION = YES;
				CLANG_WARN_COMMA = YES;
				CLANG_WARN_CONSTANT_CONVERSION = YES;
				CLANG_WARN_DEPRECATED_OBJC_IMPLEMENTATIONS = YES;
				CLANG_WARN_DIRECT_OBJC_ISA_USAGE = YES_ERROR;
				CLANG_WARN_DOCUMENTATION_COMMENTS = YES;
				CLANG_WARN_EMPTY_BODY = YES;
				CLANG_WARN_ENUM_CONVERSION = YES;
				CLANG_WARN_INFINITE_RECURSION = YES;
				CLANG_WARN_INT_CONVERSION = YES;
				CLANG_WARN_NON_LITERAL_NULL_CONVERSION = YES;
				CLANG_WARN_OBJC_IMPLICIT_RETAIN_SELF = YES;
				CLANG_WARN_OBJC_LITERAL_CONVERSION = YES;
				CLANG_WARN_OBJC_ROOT_CLASS = YES_ERROR;
				CLANG_WARN_QUOTED_INCLUDE_IN_FRAMEWORK_HEADER = YES;
				CLANG_WARN_RANGE_LOOP_ANALYSIS = YES;
				CLANG_WARN_STRICT_PROTOTYPES = YES;
				CLANG_WARN_SUSPICIOUS_MOVE = YES;
				CLANG_WARN_UNGUARDED_AVAILABILITY = YES_AGGRESSIVE;
				CLANG_WARN_UNREACHABLE_CODE = YES;
				CLANG_WARN__DUPLICATE_METHOD_MATCH = YES;
				COPY_PHASE_STRIP = NO;
				DEBUG_INFORMATION_FORMAT = dwarf;
				ENABLE_STRICT_OBJC_MSGSEND = YES;
				ENABLE_TESTABILITY = YES;
				GCC_C_LANGUAGE_STANDARD = gnu11;
				GCC_DYNAMIC_NO_PIC = NO;
				GCC_NO_COMMON_BLOCKS = YES;
				GCC_OPTIMIZATION_LEVEL = 0;
				GCC_PREPROCESSOR_DEFINITIONS = (
					"DEBUG=1",
					"$(inherited)",
				);
				GCC_WARN_64_TO_32_BIT_CONVERSION = YES;
				GCC_WARN_ABOUT_RETURN_TYPE = YES_ERROR;
				GCC_WARN_UNDECLARED_SELECTOR = YES;
				GCC_WARN_UNINITIALIZED_AUTOS = YES_AGGRESSIVE;
				GCC_WARN_UNUSED_FUNCTION = YES;
				GCC_WARN_UNUSED_VARIABLE = YES;
				IPHONEOS_DEPLOYMENT_TARGET = 14.2;
				MTL_ENABLE_DEBUG_INFO = INCLUDE_SOURCE;
				MTL_FAST_MATH = YES;
				ONLY_ACTIVE_ARCH = YES;
				SDKROOT = iphoneos;
				SWIFT_ACTIVE_COMPILATION_CONDITIONS = DEBUG;
				SWIFT_OPTIMIZATION_LEVEL = "-Onone";
			};
			name = Debug;
		};
		DEF3E8372569E04200928809 /* Release */ = {
			isa = XCBuildConfiguration;
			buildSettings = {
				ALWAYS_SEARCH_USER_PATHS = NO;
				CLANG_ANALYZER_NONNULL = YES;
				CLANG_ANALYZER_NUMBER_OBJECT_CONVERSION = YES_AGGRESSIVE;
				CLANG_CXX_LANGUAGE_STANDARD = "gnu++14";
				CLANG_CXX_LIBRARY = "libc++";
				CLANG_ENABLE_MODULES = YES;
				CLANG_ENABLE_OBJC_ARC = YES;
				CLANG_ENABLE_OBJC_WEAK = YES;
				CLANG_WARN_BLOCK_CAPTURE_AUTORELEASING = YES;
				CLANG_WARN_BOOL_CONVERSION = YES;
				CLANG_WARN_COMMA = YES;
				CLANG_WARN_CONSTANT_CONVERSION = YES;
				CLANG_WARN_DEPRECATED_OBJC_IMPLEMENTATIONS = YES;
				CLANG_WARN_DIRECT_OBJC_ISA_USAGE = YES_ERROR;
				CLANG_WARN_DOCUMENTATION_COMMENTS = YES;
				CLANG_WARN_EMPTY_BODY = YES;
				CLANG_WARN_ENUM_CONVERSION = YES;
				CLANG_WARN_INFINITE_RECURSION = YES;
				CLANG_WARN_INT_CONVERSION = YES;
				CLANG_WARN_NON_LITERAL_NULL_CONVERSION = YES;
				CLANG_WARN_OBJC_IMPLICIT_RETAIN_SELF = YES;
				CLANG_WARN_OBJC_LITERAL_CONVERSION = YES;
				CLANG_WARN_OBJC_ROOT_CLASS = YES_ERROR;
				CLANG_WARN_QUOTED_INCLUDE_IN_FRAMEWORK_HEADER = YES;
				CLANG_WARN_RANGE_LOOP_ANALYSIS = YES;
				CLANG_WARN_STRICT_PROTOTYPES = YES;
				CLANG_WARN_SUSPICIOUS_MOVE = YES;
				CLANG_WARN_UNGUARDED_AVAILABILITY = YES_AGGRESSIVE;
				CLANG_WARN_UNREACHABLE_CODE = YES;
				CLANG_WARN__DUPLICATE_METHOD_MATCH = YES;
				COPY_PHASE_STRIP = NO;
				DEBUG_INFORMATION_FORMAT = "dwarf-with-dsym";
				ENABLE_NS_ASSERTIONS = NO;
				ENABLE_STRICT_OBJC_MSGSEND = YES;
				GCC_C_LANGUAGE_STANDARD = gnu11;
				GCC_NO_COMMON_BLOCKS = YES;
				GCC_WARN_64_TO_32_BIT_CONVERSION = YES;
				GCC_WARN_ABOUT_RETURN_TYPE = YES_ERROR;
				GCC_WARN_UNDECLARED_SELECTOR = YES;
				GCC_WARN_UNINITIALIZED_AUTOS = YES_AGGRESSIVE;
				GCC_WARN_UNUSED_FUNCTION = YES;
				GCC_WARN_UNUSED_VARIABLE = YES;
				IPHONEOS_DEPLOYMENT_TARGET = 14.2;
				MTL_ENABLE_DEBUG_INFO = NO;
				MTL_FAST_MATH = YES;
				SDKROOT = iphoneos;
				SWIFT_COMPILATION_MODE = wholemodule;
				SWIFT_OPTIMIZATION_LEVEL = "-O";
				VALIDATE_PRODUCT = YES;
			};
			name = Release;
		};
		DEF3E8392569E04200928809 /* Debug */ = {
			isa = XCBuildConfiguration;
			buildSettings = {
				ASSETCATALOG_COMPILER_APPICON_NAME = AppIcon;
				ASSETCATALOG_COMPILER_GLOBAL_ACCENT_COLOR_NAME = AccentColor;
				CODE_SIGN_STYLE = Automatic;
				DEVELOPMENT_ASSET_PATHS = "\"Images/Preview Content\"";
				DEVELOPMENT_TEAM = P4L2M42FLR;
				ENABLE_PREVIEWS = YES;
				INFOPLIST_FILE = Images/Info.plist;
				IPHONEOS_DEPLOYMENT_TARGET = 14.0;
				LD_RUNPATH_SEARCH_PATHS = (
					"$(inherited)",
					"@executable_path/Frameworks",
				);
				PRODUCT_BUNDLE_IDENTIFIER = dev.jakcharvat.Images;
				PRODUCT_NAME = "$(TARGET_NAME)";
				SWIFT_VERSION = 5.0;
				TARGETED_DEVICE_FAMILY = "1,2";
			};
			name = Debug;
		};
		DEF3E83A2569E04200928809 /* Release */ = {
			isa = XCBuildConfiguration;
			buildSettings = {
				ASSETCATALOG_COMPILER_APPICON_NAME = AppIcon;
				ASSETCATALOG_COMPILER_GLOBAL_ACCENT_COLOR_NAME = AccentColor;
				CODE_SIGN_STYLE = Automatic;
				DEVELOPMENT_ASSET_PATHS = "\"Images/Preview Content\"";
				DEVELOPMENT_TEAM = P4L2M42FLR;
				ENABLE_PREVIEWS = YES;
				INFOPLIST_FILE = Images/Info.plist;
				IPHONEOS_DEPLOYMENT_TARGET = 14.0;
				LD_RUNPATH_SEARCH_PATHS = (
					"$(inherited)",
					"@executable_path/Frameworks",
				);
				PRODUCT_BUNDLE_IDENTIFIER = dev.jakcharvat.Images;
				PRODUCT_NAME = "$(TARGET_NAME)";
				SWIFT_VERSION = 5.0;
				TARGETED_DEVICE_FAMILY = "1,2";
			};
			name = Release;
		};
		DEF3E83C2569E04200928809 /* Debug */ = {
			isa = XCBuildConfiguration;
			buildSettings = {
				ALWAYS_EMBED_SWIFT_STANDARD_LIBRARIES = YES;
				BUNDLE_LOADER = "$(TEST_HOST)";
				CODE_SIGN_STYLE = Automatic;
				DEVELOPMENT_TEAM = P4L2M42FLR;
				INFOPLIST_FILE = ImagesTests/Info.plist;
				IPHONEOS_DEPLOYMENT_TARGET = 14.0;
				LD_RUNPATH_SEARCH_PATHS = (
					"$(inherited)",
					"@executable_path/Frameworks",
					"@loader_path/Frameworks",
				);
				PRODUCT_BUNDLE_IDENTIFIER = dev.jakcharvat.ImagesTests;
				PRODUCT_NAME = "$(TARGET_NAME)";
				SWIFT_VERSION = 5.0;
				TARGETED_DEVICE_FAMILY = "1,2";
				TEST_HOST = "$(BUILT_PRODUCTS_DIR)/Images.app/Images";
			};
			name = Debug;
		};
		DEF3E83D2569E04200928809 /* Release */ = {
			isa = XCBuildConfiguration;
			buildSettings = {
				ALWAYS_EMBED_SWIFT_STANDARD_LIBRARIES = YES;
				BUNDLE_LOADER = "$(TEST_HOST)";
				CODE_SIGN_STYLE = Automatic;
				DEVELOPMENT_TEAM = P4L2M42FLR;
				INFOPLIST_FILE = ImagesTests/Info.plist;
				IPHONEOS_DEPLOYMENT_TARGET = 14.0;
				LD_RUNPATH_SEARCH_PATHS = (
					"$(inherited)",
					"@executable_path/Frameworks",
					"@loader_path/Frameworks",
				);
				PRODUCT_BUNDLE_IDENTIFIER = dev.jakcharvat.ImagesTests;
				PRODUCT_NAME = "$(TARGET_NAME)";
				SWIFT_VERSION = 5.0;
				TARGETED_DEVICE_FAMILY = "1,2";
				TEST_HOST = "$(BUILT_PRODUCTS_DIR)/Images.app/Images";
			};
			name = Release;
		};
		DEF3E83F2569E04200928809 /* Debug */ = {
			isa = XCBuildConfiguration;
			buildSettings = {
				ALWAYS_EMBED_SWIFT_STANDARD_LIBRARIES = YES;
				CODE_SIGN_STYLE = Automatic;
				DEVELOPMENT_TEAM = P4L2M42FLR;
				INFOPLIST_FILE = ImagesUITests/Info.plist;
				LD_RUNPATH_SEARCH_PATHS = (
					"$(inherited)",
					"@executable_path/Frameworks",
					"@loader_path/Frameworks",
				);
				PRODUCT_BUNDLE_IDENTIFIER = dev.jakcharvat.ImagesUITests;
				PRODUCT_NAME = "$(TARGET_NAME)";
				SWIFT_VERSION = 5.0;
				TARGETED_DEVICE_FAMILY = "1,2";
				TEST_TARGET_NAME = Images;
			};
			name = Debug;
		};
		DEF3E8402569E04200928809 /* Release */ = {
			isa = XCBuildConfiguration;
			buildSettings = {
				ALWAYS_EMBED_SWIFT_STANDARD_LIBRARIES = YES;
				CODE_SIGN_STYLE = Automatic;
				DEVELOPMENT_TEAM = P4L2M42FLR;
				INFOPLIST_FILE = ImagesUITests/Info.plist;
				LD_RUNPATH_SEARCH_PATHS = (
					"$(inherited)",
					"@executable_path/Frameworks",
					"@loader_path/Frameworks",
				);
				PRODUCT_BUNDLE_IDENTIFIER = dev.jakcharvat.ImagesUITests;
				PRODUCT_NAME = "$(TARGET_NAME)";
				SWIFT_VERSION = 5.0;
				TARGETED_DEVICE_FAMILY = "1,2";
				TEST_TARGET_NAME = Images;
			};
			name = Release;
		};
/* End XCBuildConfiguration section */

/* Begin XCConfigurationList section */
		DEF3E80E2569E03F00928809 /* Build configuration list for PBXProject "Images" */ = {
			isa = XCConfigurationList;
			buildConfigurations = (
				DEF3E8362569E04200928809 /* Debug */,
				DEF3E8372569E04200928809 /* Release */,
			);
			defaultConfigurationIsVisible = 0;
			defaultConfigurationName = Release;
		};
		DEF3E8382569E04200928809 /* Build configuration list for PBXNativeTarget "Images" */ = {
			isa = XCConfigurationList;
			buildConfigurations = (
				DEF3E8392569E04200928809 /* Debug */,
				DEF3E83A2569E04200928809 /* Release */,
			);
			defaultConfigurationIsVisible = 0;
			defaultConfigurationName = Release;
		};
		DEF3E83B2569E04200928809 /* Build configuration list for PBXNativeTarget "ImagesTests" */ = {
			isa = XCConfigurationList;
			buildConfigurations = (
				DEF3E83C2569E04200928809 /* Debug */,
				DEF3E83D2569E04200928809 /* Release */,
			);
			defaultConfigurationIsVisible = 0;
			defaultConfigurationName = Release;
		};
		DEF3E83E2569E04200928809 /* Build configuration list for PBXNativeTarget "ImagesUITests" */ = {
			isa = XCConfigurationList;
			buildConfigurations = (
				DEF3E83F2569E04200928809 /* Debug */,
				DEF3E8402569E04200928809 /* Release */,
			);
			defaultConfigurationIsVisible = 0;
			defaultConfigurationName = Release;
		};
/* End XCConfigurationList section */
	};
	rootObject = DEF3E80B2569E03F00928809 /* Project object */;
}
