// !$*UTF8*$!
{
	archiveVersion = 1;
	classes = {
	};
	objectVersion = 52;
	objects = {

/* Begin PBXBuildFile section */
		DEF3E8172569E03F00928809 /* ImagesApp.swift in Sources */ = {isa = PBXBuildFile; fileRef = DEF3E8162569E03F00928809 /* ImagesApp.swift */; };
		DEF3E8192569E03F00928809 /* ClassificationView.swift in Sources */ = {isa = PBXBuildFile; fileRef = DEF3E8182569E03F00928809 /* ClassificationView.swift */; };
		DEF3E81B2569E04200928809 /* Assets.xcassets in Resources */ = {isa = PBXBuildFile; fileRef = DEF3E81A2569E04200928809 /* Assets.xcassets */; };
		DEF3E81E2569E04200928809 /* Preview Assets.xcassets in Resources */ = {isa = PBXBuildFile; fileRef = DEF3E81D2569E04200928809 /* Preview Assets.xcassets */; };
		DEF3E852256A87DE00928809 /* Preview Assets.xcassets in Resources */ = {isa = PBXBuildFile; fileRef = DEF3E851256A87DE00928809 /* Preview Assets.xcassets */; };
		DEF3E89D256A889400928809 /* ImagesApp.swift in Sources */ = {isa = PBXBuildFile; fileRef = DEF3E8162569E03F00928809 /* ImagesApp.swift */; };
		DEF3E89E256A889400928809 /* Assets.xcassets in Resources */ = {isa = PBXBuildFile; fileRef = DEF3E81A2569E04200928809 /* Assets.xcassets */; };
		DEF3E89F256A889400928809 /* ClassificationView.swift in Sources */ = {isa = PBXBuildFile; fileRef = DEF3E8182569E03F00928809 /* ClassificationView.swift */; };
		DEF3E8A3256B8E4500928809 /* LazyQueue.swift in Sources */ = {isa = PBXBuildFile; fileRef = DEF3E8A2256B8E4500928809 /* LazyQueue.swift */; };
		DEF3E8A4256B8E4500928809 /* LazyQueue.swift in Sources */ = {isa = PBXBuildFile; fileRef = DEF3E8A2256B8E4500928809 /* LazyQueue.swift */; };
		DEF3E8AA256BB7D300928809 /* BadgedText.swift in Sources */ = {isa = PBXBuildFile; fileRef = DEF3E8A9256BB7D300928809 /* BadgedText.swift */; };
		DEF3E8AB256BB7D300928809 /* BadgedText.swift in Sources */ = {isa = PBXBuildFile; fileRef = DEF3E8A9256BB7D300928809 /* BadgedText.swift */; };
		DEF3E8BB256CF60D00928809 /* ImageTools.swift in Sources */ = {isa = PBXBuildFile; fileRef = DEF3E8BA256CF60D00928809 /* ImageTools.swift */; };
		DEF3E8BC256CF60D00928809 /* ImageTools.swift in Sources */ = {isa = PBXBuildFile; fileRef = DEF3E8BA256CF60D00928809 /* ImageTools.swift */; };
		DEF3E8C8256D02D200928809 /* PredictionsApp.swift in Sources */ = {isa = PBXBuildFile; fileRef = DEF3E8C7256D02D200928809 /* PredictionsApp.swift */; };
		DEF3E8CC256D02D400928809 /* Assets.xcassets in Resources */ = {isa = PBXBuildFile; fileRef = DEF3E8CB256D02D400928809 /* Assets.xcassets */; };
		DEF3E8CF256D02D400928809 /* Preview Assets.xcassets in Resources */ = {isa = PBXBuildFile; fileRef = DEF3E8CE256D02D400928809 /* Preview Assets.xcassets */; };
		DEF3E8FF256D0B9500928809 /* AppDelegate.swift in Sources */ = {isa = PBXBuildFile; fileRef = DEF3E8FE256D0B9500928809 /* AppDelegate.swift */; };
		DEF3E900256D0B9500928809 /* AppDelegate.swift in Sources */ = {isa = PBXBuildFile; fileRef = DEF3E8FE256D0B9500928809 /* AppDelegate.swift */; };
		DEF3E904256D0BB100928809 /* AppDelegate.swift in Sources */ = {isa = PBXBuildFile; fileRef = DEF3E8FE256D0B9500928809 /* AppDelegate.swift */; };
		DEF3E909256D2EAD00928809 /* BlurView.swift in Sources */ = {isa = PBXBuildFile; fileRef = DEF3E908256D2EAD00928809 /* BlurView.swift */; };
		DEF3E90A256D2EAD00928809 /* BlurView.swift in Sources */ = {isa = PBXBuildFile; fileRef = DEF3E908256D2EAD00928809 /* BlurView.swift */; };
		DEF3E912256D611C00928809 /* ImageTools.swift in Sources */ = {isa = PBXBuildFile; fileRef = DEF3E8BA256CF60D00928809 /* ImageTools.swift */; };
		DEF3E91D256D712A00928809 /* Smajlici.mlmodel in Sources */ = {isa = PBXBuildFile; fileRef = DEF3E91C256D712A00928809 /* Smajlici.mlmodel */; };
		DEF3E91E256D712A00928809 /* Smajlici.mlmodel in Sources */ = {isa = PBXBuildFile; fileRef = DEF3E91C256D712A00928809 /* Smajlici.mlmodel */; };
		DEF3E927256D921B00928809 /* ContentView.swift in Sources */ = {isa = PBXBuildFile; fileRef = DEF3E925256D921B00928809 /* ContentView.swift */; };
		DEF3E92C256D935D00928809 /* ArrayChunk.swift in Sources */ = {isa = PBXBuildFile; fileRef = DEF3E92B256D935D00928809 /* ArrayChunk.swift */; };
		DEF3E92D256D935D00928809 /* ArrayChunk.swift in Sources */ = {isa = PBXBuildFile; fileRef = DEF3E92B256D935D00928809 /* ArrayChunk.swift */; };
		DEF3E933256DCCE300928809 /* SWCompression in Frameworks */ = {isa = PBXBuildFile; productRef = DEF3E932256DCCE300928809 /* SWCompression */; };
		DEF3E939256DCD0600928809 /* SWCompression in Frameworks */ = {isa = PBXBuildFile; productRef = DEF3E938256DCD0600928809 /* SWCompression */; };
/* End PBXBuildFile section */

/* Begin PBXFileReference section */
		DEF3E8132569E03F00928809 /* Images.app */ = {isa = PBXFileReference; explicitFileType = wrapper.application; includeInIndex = 0; path = Images.app; sourceTree = BUILT_PRODUCTS_DIR; };
		DEF3E8162569E03F00928809 /* ImagesApp.swift */ = {isa = PBXFileReference; lastKnownFileType = sourcecode.swift; path = ImagesApp.swift; sourceTree = "<group>"; };
		DEF3E8182569E03F00928809 /* ClassificationView.swift */ = {isa = PBXFileReference; lastKnownFileType = sourcecode.swift; path = ClassificationView.swift; sourceTree = "<group>"; };
		DEF3E81A2569E04200928809 /* Assets.xcassets */ = {isa = PBXFileReference; lastKnownFileType = folder.assetcatalog; path = Assets.xcassets; sourceTree = "<group>"; };
		DEF3E81D2569E04200928809 /* Preview Assets.xcassets */ = {isa = PBXFileReference; lastKnownFileType = folder.assetcatalog; path = "Preview Assets.xcassets"; sourceTree = "<group>"; };
		DEF3E81F2569E04200928809 /* Info.plist */ = {isa = PBXFileReference; lastKnownFileType = text.plist.xml; path = Info.plist; sourceTree = "<group>"; };
		DEF3E848256A87DC00928809 /* Images Mac.app */ = {isa = PBXFileReference; explicitFileType = wrapper.application; includeInIndex = 0; path = "Images Mac.app"; sourceTree = BUILT_PRODUCTS_DIR; };
		DEF3E851256A87DE00928809 /* Preview Assets.xcassets */ = {isa = PBXFileReference; lastKnownFileType = folder.assetcatalog; path = "Preview Assets.xcassets"; sourceTree = "<group>"; };
		DEF3E853256A87DE00928809 /* Info.plist */ = {isa = PBXFileReference; lastKnownFileType = text.plist.xml; path = Info.plist; sourceTree = "<group>"; };
		DEF3E854256A87DE00928809 /* Images_Mac.entitlements */ = {isa = PBXFileReference; lastKnownFileType = text.plist.entitlements; path = Images_Mac.entitlements; sourceTree = "<group>"; };
		DEF3E8A2256B8E4500928809 /* LazyQueue.swift */ = {isa = PBXFileReference; lastKnownFileType = sourcecode.swift; path = LazyQueue.swift; sourceTree = "<group>"; };
		DEF3E8A9256BB7D300928809 /* BadgedText.swift */ = {isa = PBXFileReference; lastKnownFileType = sourcecode.swift; path = BadgedText.swift; sourceTree = "<group>"; };
		DEF3E8BA256CF60D00928809 /* ImageTools.swift */ = {isa = PBXFileReference; lastKnownFileType = sourcecode.swift; path = ImageTools.swift; sourceTree = "<group>"; };
		DEF3E8C5256D02D200928809 /* Predictions.app */ = {isa = PBXFileReference; explicitFileType = wrapper.application; includeInIndex = 0; path = Predictions.app; sourceTree = BUILT_PRODUCTS_DIR; };
		DEF3E8C7256D02D200928809 /* PredictionsApp.swift */ = {isa = PBXFileReference; lastKnownFileType = sourcecode.swift; path = PredictionsApp.swift; sourceTree = "<group>"; };
		DEF3E8CB256D02D400928809 /* Assets.xcassets */ = {isa = PBXFileReference; lastKnownFileType = folder.assetcatalog; path = Assets.xcassets; sourceTree = "<group>"; };
		DEF3E8CE256D02D400928809 /* Preview Assets.xcassets */ = {isa = PBXFileReference; lastKnownFileType = folder.assetcatalog; path = "Preview Assets.xcassets"; sourceTree = "<group>"; };
		DEF3E8D0256D02D400928809 /* Info.plist */ = {isa = PBXFileReference; lastKnownFileType = text.plist.xml; path = Info.plist; sourceTree = "<group>"; };
		DEF3E8D1256D02D400928809 /* Predictions.entitlements */ = {isa = PBXFileReference; lastKnownFileType = text.plist.entitlements; path = Predictions.entitlements; sourceTree = "<group>"; };
		DEF3E8FE256D0B9500928809 /* AppDelegate.swift */ = {isa = PBXFileReference; lastKnownFileType = sourcecode.swift; path = AppDelegate.swift; sourceTree = "<group>"; };
		DEF3E908256D2EAD00928809 /* BlurView.swift */ = {isa = PBXFileReference; lastKnownFileType = sourcecode.swift; path = BlurView.swift; sourceTree = "<group>"; };
		DEF3E91C256D712A00928809 /* Smajlici.mlmodel */ = {isa = PBXFileReference; lastKnownFileType = file.mlmodel; path = Smajlici.mlmodel; sourceTree = "<group>"; };
		DEF3E925256D921B00928809 /* ContentView.swift */ = {isa = PBXFileReference; lastKnownFileType = sourcecode.swift; path = ContentView.swift; sourceTree = "<group>"; };
		DEF3E92B256D935D00928809 /* ArrayChunk.swift */ = {isa = PBXFileReference; lastKnownFileType = sourcecode.swift; path = ArrayChunk.swift; sourceTree = "<group>"; };
/* End PBXFileReference section */

/* Begin PBXFrameworksBuildPhase section */
		DEF3E8102569E03F00928809 /* Frameworks */ = {
			isa = PBXFrameworksBuildPhase;
			buildActionMask = 2147483647;
			files = (
				DEF3E933256DCCE300928809 /* SWCompression in Frameworks */,
			);
			runOnlyForDeploymentPostprocessing = 0;
		};
		DEF3E845256A87DC00928809 /* Frameworks */ = {
			isa = PBXFrameworksBuildPhase;
			buildActionMask = 2147483647;
			files = (
			);
			runOnlyForDeploymentPostprocessing = 0;
		};
		DEF3E8C2256D02D200928809 /* Frameworks */ = {
			isa = PBXFrameworksBuildPhase;
			buildActionMask = 2147483647;
			files = (
				DEF3E939256DCD0600928809 /* SWCompression in Frameworks */,
			);
			runOnlyForDeploymentPostprocessing = 0;
		};
/* End PBXFrameworksBuildPhase section */

/* Begin PBXGroup section */
		DEF3E80A2569E03F00928809 = {
			isa = PBXGroup;
			children = (
				DEF3E880256A87EE00928809 /* Shared */,
				DEF3E8152569E03F00928809 /* Images */,
				DEF3E849256A87DC00928809 /* Images Mac */,
				DEF3E8C6256D02D200928809 /* Predictions */,
				DEF3E8142569E03F00928809 /* Products */,
				DEF3E937256DCD0600928809 /* Frameworks */,
			);
			sourceTree = "<group>";
		};
		DEF3E8142569E03F00928809 /* Products */ = {
			isa = PBXGroup;
			children = (
				DEF3E8132569E03F00928809 /* Images.app */,
				DEF3E848256A87DC00928809 /* Images Mac.app */,
				DEF3E8C5256D02D200928809 /* Predictions.app */,
			);
			name = Products;
			sourceTree = "<group>";
		};
		DEF3E8152569E03F00928809 /* Images */ = {
			isa = PBXGroup;
			children = (
				DEF3E81F2569E04200928809 /* Info.plist */,
				DEF3E81C2569E04200928809 /* Preview Content */,
			);
			path = Images;
			sourceTree = "<group>";
		};
		DEF3E81C2569E04200928809 /* Preview Content */ = {
			isa = PBXGroup;
			children = (
				DEF3E81D2569E04200928809 /* Preview Assets.xcassets */,
			);
			path = "Preview Content";
			sourceTree = "<group>";
		};
		DEF3E849256A87DC00928809 /* Images Mac */ = {
			isa = PBXGroup;
			children = (
				DEF3E853256A87DE00928809 /* Info.plist */,
				DEF3E854256A87DE00928809 /* Images_Mac.entitlements */,
				DEF3E850256A87DE00928809 /* Preview Content */,
			);
			path = "Images Mac";
			sourceTree = "<group>";
		};
		DEF3E850256A87DE00928809 /* Preview Content */ = {
			isa = PBXGroup;
			children = (
				DEF3E851256A87DE00928809 /* Preview Assets.xcassets */,
			);
			path = "Preview Content";
			sourceTree = "<group>";
		};
		DEF3E880256A87EE00928809 /* Shared */ = {
			isa = PBXGroup;
			children = (
				DEF3E81A2569E04200928809 /* Assets.xcassets */,
				DEF3E8162569E03F00928809 /* ImagesApp.swift */,
				DEF3E8FE256D0B9500928809 /* AppDelegate.swift */,
				DEF3E8182569E03F00928809 /* ClassificationView.swift */,
				DEF3E908256D2EAD00928809 /* BlurView.swift */,
				DEF3E8BA256CF60D00928809 /* ImageTools.swift */,
				DEF3E8A9256BB7D300928809 /* BadgedText.swift */,
				DEF3E8A2256B8E4500928809 /* LazyQueue.swift */,
				DEF3E91C256D712A00928809 /* Smajlici.mlmodel */,
			);
			path = Shared;
			sourceTree = "<group>";
		};
		DEF3E8C6256D02D200928809 /* Predictions */ = {
			isa = PBXGroup;
			children = (
				DEF3E8C7256D02D200928809 /* PredictionsApp.swift */,
				DEF3E925256D921B00928809 /* ContentView.swift */,
				DEF3E92B256D935D00928809 /* ArrayChunk.swift */,
				DEF3E8CB256D02D400928809 /* Assets.xcassets */,
				DEF3E8D0256D02D400928809 /* Info.plist */,
				DEF3E8D1256D02D400928809 /* Predictions.entitlements */,
				DEF3E8CD256D02D400928809 /* Preview Content */,
			);
			path = Predictions;
			sourceTree = "<group>";
		};
		DEF3E8CD256D02D400928809 /* Preview Content */ = {
			isa = PBXGroup;
			children = (
				DEF3E8CE256D02D400928809 /* Preview Assets.xcassets */,
			);
			path = "Preview Content";
			sourceTree = "<group>";
		};
		DEF3E937256DCD0600928809 /* Frameworks */ = {
			isa = PBXGroup;
			children = (
			);
			name = Frameworks;
			sourceTree = "<group>";
		};
/* End PBXGroup section */

/* Begin PBXNativeTarget section */
		DEF3E8122569E03F00928809 /* Images */ = {
			isa = PBXNativeTarget;
			buildConfigurationList = DEF3E8382569E04200928809 /* Build configuration list for PBXNativeTarget "Images" */;
			buildPhases = (
				DEF3E80F2569E03F00928809 /* Sources */,
				DEF3E8102569E03F00928809 /* Frameworks */,
				DEF3E8112569E03F00928809 /* Resources */,
			);
			buildRules = (
			);
			dependencies = (
			);
			name = Images;
			packageProductDependencies = (
				DEF3E932256DCCE300928809 /* SWCompression */,
			);
			productName = Images;
			productReference = DEF3E8132569E03F00928809 /* Images.app */;
			productType = "com.apple.product-type.application";
		};
		DEF3E847256A87DC00928809 /* Images Mac */ = {
			isa = PBXNativeTarget;
			buildConfigurationList = DEF3E871256A87DF00928809 /* Build configuration list for PBXNativeTarget "Images Mac" */;
			buildPhases = (
				DEF3E844256A87DC00928809 /* Sources */,
				DEF3E845256A87DC00928809 /* Frameworks */,
				DEF3E846256A87DC00928809 /* Resources */,
			);
			buildRules = (
			);
			dependencies = (
			);
			name = "Images Mac";
			productName = "Images Mac";
			productReference = DEF3E848256A87DC00928809 /* Images Mac.app */;
			productType = "com.apple.product-type.application";
		};
		DEF3E8C4256D02D200928809 /* Predictions */ = {
			isa = PBXNativeTarget;
			buildConfigurationList = DEF3E8E8256D02D400928809 /* Build configuration list for PBXNativeTarget "Predictions" */;
			buildPhases = (
				DEF3E8C1256D02D200928809 /* Sources */,
				DEF3E8C2256D02D200928809 /* Frameworks */,
				DEF3E8C3256D02D200928809 /* Resources */,
			);
			buildRules = (
			);
			dependencies = (
			);
			name = Predictions;
			packageProductDependencies = (
				DEF3E938256DCD0600928809 /* SWCompression */,
			);
			productName = Predictions;
			productReference = DEF3E8C5256D02D200928809 /* Predictions.app */;
			productType = "com.apple.product-type.application";
		};
/* End PBXNativeTarget section */

/* Begin PBXProject section */
		DEF3E80B2569E03F00928809 /* Project object */ = {
			isa = PBXProject;
			attributes = {
				LastSwiftUpdateCheck = 1220;
				LastUpgradeCheck = 1220;
				TargetAttributes = {
					DEF3E8122569E03F00928809 = {
						CreatedOnToolsVersion = 12.2;
					};
					DEF3E847256A87DC00928809 = {
						CreatedOnToolsVersion = 12.2;
					};
					DEF3E8C4256D02D200928809 = {
						CreatedOnToolsVersion = 12.2;
					};
				};
			};
			buildConfigurationList = DEF3E80E2569E03F00928809 /* Build configuration list for PBXProject "Images" */;
			compatibilityVersion = "Xcode 9.3";
			developmentRegion = en;
			hasScannedForEncodings = 0;
			knownRegions = (
				en,
				Base,
			);
			mainGroup = DEF3E80A2569E03F00928809;
			packageReferences = (
				DEF3E931256DCCE300928809 /* XCRemoteSwiftPackageReference "SWCompression" */,
			);
			productRefGroup = DEF3E8142569E03F00928809 /* Products */;
			projectDirPath = "";
			projectRoot = "";
			targets = (
				DEF3E8122569E03F00928809 /* Images */,
				DEF3E847256A87DC00928809 /* Images Mac */,
				DEF3E8C4256D02D200928809 /* Predictions */,
			);
		};
/* End PBXProject section */

/* Begin PBXResourcesBuildPhase section */
		DEF3E8112569E03F00928809 /* Resources */ = {
			isa = PBXResourcesBuildPhase;
			buildActionMask = 2147483647;
			files = (
				DEF3E81E2569E04200928809 /* Preview Assets.xcassets in Resources */,
				DEF3E81B2569E04200928809 /* Assets.xcassets in Resources */,
			);
			runOnlyForDeploymentPostprocessing = 0;
		};
		DEF3E846256A87DC00928809 /* Resources */ = {
			isa = PBXResourcesBuildPhase;
			buildActionMask = 2147483647;
			files = (
				DEF3E89E256A889400928809 /* Assets.xcassets in Resources */,
				DEF3E852256A87DE00928809 /* Preview Assets.xcassets in Resources */,
			);
			runOnlyForDeploymentPostprocessing = 0;
		};
		DEF3E8C3256D02D200928809 /* Resources */ = {
			isa = PBXResourcesBuildPhase;
			buildActionMask = 2147483647;
			files = (
				DEF3E8CF256D02D400928809 /* Preview Assets.xcassets in Resources */,
				DEF3E8CC256D02D400928809 /* Assets.xcassets in Resources */,
			);
			runOnlyForDeploymentPostprocessing = 0;
		};
/* End PBXResourcesBuildPhase section */

/* Begin PBXSourcesBuildPhase section */
		DEF3E80F2569E03F00928809 /* Sources */ = {
			isa = PBXSourcesBuildPhase;
			buildActionMask = 2147483647;
			files = (
				DEF3E8FF256D0B9500928809 /* AppDelegate.swift in Sources */,
				DEF3E8192569E03F00928809 /* ClassificationView.swift in Sources */,
				DEF3E8BB256CF60D00928809 /* ImageTools.swift in Sources */,
				DEF3E8A3256B8E4500928809 /* LazyQueue.swift in Sources */,
				DEF3E8172569E03F00928809 /* ImagesApp.swift in Sources */,
				DEF3E8AA256BB7D300928809 /* BadgedText.swift in Sources */,
			);
			runOnlyForDeploymentPostprocessing = 0;
		};
		DEF3E844256A87DC00928809 /* Sources */ = {
			isa = PBXSourcesBuildPhase;
			buildActionMask = 2147483647;
			files = (
				DEF3E900256D0B9500928809 /* AppDelegate.swift in Sources */,
				DEF3E92C256D935D00928809 /* ArrayChunk.swift in Sources */,
				DEF3E89F256A889400928809 /* ClassificationView.swift in Sources */,
				DEF3E8BC256CF60D00928809 /* ImageTools.swift in Sources */,
				DEF3E8A4256B8E4500928809 /* LazyQueue.swift in Sources */,
				DEF3E91D256D712A00928809 /* Smajlici.mlmodel in Sources */,
				DEF3E909256D2EAD00928809 /* BlurView.swift in Sources */,
				DEF3E89D256A889400928809 /* ImagesApp.swift in Sources */,
				DEF3E8AB256BB7D300928809 /* BadgedText.swift in Sources */,
			);
			runOnlyForDeploymentPostprocessing = 0;
		};
		DEF3E8C1256D02D200928809 /* Sources */ = {
			isa = PBXSourcesBuildPhase;
			buildActionMask = 2147483647;
			files = (
				DEF3E91E256D712A00928809 /* Smajlici.mlmodel in Sources */,
				DEF3E904256D0BB100928809 /* AppDelegate.swift in Sources */,
				DEF3E927256D921B00928809 /* ContentView.swift in Sources */,
				DEF3E92D256D935D00928809 /* ArrayChunk.swift in Sources */,
				DEF3E912256D611C00928809 /* ImageTools.swift in Sources */,
				DEF3E90A256D2EAD00928809 /* BlurView.swift in Sources */,
				DEF3E8C8256D02D200928809 /* PredictionsApp.swift in Sources */,
			);
			runOnlyForDeploymentPostprocessing = 0;
		};
/* End PBXSourcesBuildPhase section */

/* Begin XCBuildConfiguration section */
		DEF3E8362569E04200928809 /* Debug */ = {
			isa = XCBuildConfiguration;
			buildSettings = {
				ALWAYS_SEARCH_USER_PATHS = NO;
				CLANG_ANALYZER_NONNULL = YES;
				CLANG_ANALYZER_NUMBER_OBJECT_CONVERSION = YES_AGGRESSIVE;
				CLANG_CXX_LANGUAGE_STANDARD = "gnu++14";
				CLANG_CXX_LIBRARY = "libc++";
				CLANG_ENABLE_MODULES = YES;
				CLANG_ENABLE_OBJC_ARC = YES;
				CLANG_ENABLE_OBJC_WEAK = YES;
				CLANG_WARN_BLOCK_CAPTURE_AUTORELEASING = YES;
				CLANG_WARN_BOOL_CONVERSION = YES;
				CLANG_WARN_COMMA = YES;
				CLANG_WARN_CONSTANT_CONVERSION = YES;
				CLANG_WARN_DEPRECATED_OBJC_IMPLEMENTATIONS = YES;
				CLANG_WARN_DIRECT_OBJC_ISA_USAGE = YES_ERROR;
				CLANG_WARN_DOCUMENTATION_COMMENTS = YES;
				CLANG_WARN_EMPTY_BODY = YES;
				CLANG_WARN_ENUM_CONVERSION = YES;
				CLANG_WARN_INFINITE_RECURSION = YES;
				CLANG_WARN_INT_CONVERSION = YES;
				CLANG_WARN_NON_LITERAL_NULL_CONVERSION = YES;
				CLANG_WARN_OBJC_IMPLICIT_RETAIN_SELF = YES;
				CLANG_WARN_OBJC_LITERAL_CONVERSION = YES;
				CLANG_WARN_OBJC_ROOT_CLASS = YES_ERROR;
				CLANG_WARN_QUOTED_INCLUDE_IN_FRAMEWORK_HEADER = YES;
				CLANG_WARN_RANGE_LOOP_ANALYSIS = YES;
				CLANG_WARN_STRICT_PROTOTYPES = YES;
				CLANG_WARN_SUSPICIOUS_MOVE = YES;
				CLANG_WARN_UNGUARDED_AVAILABILITY = YES_AGGRESSIVE;
				CLANG_WARN_UNREACHABLE_CODE = YES;
				CLANG_WARN__DUPLICATE_METHOD_MATCH = YES;
				COPY_PHASE_STRIP = NO;
				DEBUG_INFORMATION_FORMAT = dwarf;
				ENABLE_STRICT_OBJC_MSGSEND = YES;
				ENABLE_TESTABILITY = YES;
				GCC_C_LANGUAGE_STANDARD = gnu11;
				GCC_DYNAMIC_NO_PIC = NO;
				GCC_NO_COMMON_BLOCKS = YES;
				GCC_OPTIMIZATION_LEVEL = 0;
				GCC_PREPROCESSOR_DEFINITIONS = (
					"DEBUG=1",
					"$(inherited)",
				);
				GCC_WARN_64_TO_32_BIT_CONVERSION = YES;
				GCC_WARN_ABOUT_RETURN_TYPE = YES_ERROR;
				GCC_WARN_UNDECLARED_SELECTOR = YES;
				GCC_WARN_UNINITIALIZED_AUTOS = YES_AGGRESSIVE;
				GCC_WARN_UNUSED_FUNCTION = YES;
				GCC_WARN_UNUSED_VARIABLE = YES;
				IPHONEOS_DEPLOYMENT_TARGET = 14.2;
				MTL_ENABLE_DEBUG_INFO = INCLUDE_SOURCE;
				MTL_FAST_MATH = YES;
				ONLY_ACTIVE_ARCH = YES;
				SDKROOT = iphoneos;
				SWIFT_ACTIVE_COMPILATION_CONDITIONS = DEBUG;
				SWIFT_OPTIMIZATION_LEVEL = "-Onone";
			};
			name = Debug;
		};
		DEF3E8372569E04200928809 /* Release */ = {
			isa = XCBuildConfiguration;
			buildSettings = {
				ALWAYS_SEARCH_USER_PATHS = NO;
				CLANG_ANALYZER_NONNULL = YES;
				CLANG_ANALYZER_NUMBER_OBJECT_CONVERSION = YES_AGGRESSIVE;
				CLANG_CXX_LANGUAGE_STANDARD = "gnu++14";
				CLANG_CXX_LIBRARY = "libc++";
				CLANG_ENABLE_MODULES = YES;
				CLANG_ENABLE_OBJC_ARC = YES;
				CLANG_ENABLE_OBJC_WEAK = YES;
				CLANG_WARN_BLOCK_CAPTURE_AUTORELEASING = YES;
				CLANG_WARN_BOOL_CONVERSION = YES;
				CLANG_WARN_COMMA = YES;
				CLANG_WARN_CONSTANT_CONVERSION = YES;
				CLANG_WARN_DEPRECATED_OBJC_IMPLEMENTATIONS = YES;
				CLANG_WARN_DIRECT_OBJC_ISA_USAGE = YES_ERROR;
				CLANG_WARN_DOCUMENTATION_COMMENTS = YES;
				CLANG_WARN_EMPTY_BODY = YES;
				CLANG_WARN_ENUM_CONVERSION = YES;
				CLANG_WARN_INFINITE_RECURSION = YES;
				CLANG_WARN_INT_CONVERSION = YES;
				CLANG_WARN_NON_LITERAL_NULL_CONVERSION = YES;
				CLANG_WARN_OBJC_IMPLICIT_RETAIN_SELF = YES;
				CLANG_WARN_OBJC_LITERAL_CONVERSION = YES;
				CLANG_WARN_OBJC_ROOT_CLASS = YES_ERROR;
				CLANG_WARN_QUOTED_INCLUDE_IN_FRAMEWORK_HEADER = YES;
				CLANG_WARN_RANGE_LOOP_ANALYSIS = YES;
				CLANG_WARN_STRICT_PROTOTYPES = YES;
				CLANG_WARN_SUSPICIOUS_MOVE = YES;
				CLANG_WARN_UNGUARDED_AVAILABILITY = YES_AGGRESSIVE;
				CLANG_WARN_UNREACHABLE_CODE = YES;
				CLANG_WARN__DUPLICATE_METHOD_MATCH = YES;
				COPY_PHASE_STRIP = NO;
				DEBUG_INFORMATION_FORMAT = "dwarf-with-dsym";
				ENABLE_NS_ASSERTIONS = NO;
				ENABLE_STRICT_OBJC_MSGSEND = YES;
				GCC_C_LANGUAGE_STANDARD = gnu11;
				GCC_NO_COMMON_BLOCKS = YES;
				GCC_WARN_64_TO_32_BIT_CONVERSION = YES;
				GCC_WARN_ABOUT_RETURN_TYPE = YES_ERROR;
				GCC_WARN_UNDECLARED_SELECTOR = YES;
				GCC_WARN_UNINITIALIZED_AUTOS = YES_AGGRESSIVE;
				GCC_WARN_UNUSED_FUNCTION = YES;
				GCC_WARN_UNUSED_VARIABLE = YES;
				IPHONEOS_DEPLOYMENT_TARGET = 14.2;
				MTL_ENABLE_DEBUG_INFO = NO;
				MTL_FAST_MATH = YES;
				SDKROOT = iphoneos;
				SWIFT_COMPILATION_MODE = wholemodule;
				SWIFT_OPTIMIZATION_LEVEL = "-O";
				VALIDATE_PRODUCT = YES;
			};
			name = Release;
		};
		DEF3E8392569E04200928809 /* Debug */ = {
			isa = XCBuildConfiguration;
			buildSettings = {
				ASSETCATALOG_COMPILER_APPICON_NAME = AppIcon;
				ASSETCATALOG_COMPILER_GLOBAL_ACCENT_COLOR_NAME = AccentColor;
				CODE_SIGN_STYLE = Automatic;
				DEVELOPMENT_ASSET_PATHS = "\"Images/Preview Content\"";
				DEVELOPMENT_TEAM = P4L2M42FLR;
				ENABLE_PREVIEWS = YES;
				INFOPLIST_FILE = Images/Info.plist;
				IPHONEOS_DEPLOYMENT_TARGET = 14.0;
				LD_RUNPATH_SEARCH_PATHS = (
					"$(inherited)",
					"@executable_path/Frameworks",
				);
				PRODUCT_BUNDLE_IDENTIFIER = dev.jakcharvat.Images;
				PRODUCT_NAME = "$(TARGET_NAME)";
				SWIFT_VERSION = 5.0;
				TARGETED_DEVICE_FAMILY = "1,2";
			};
			name = Debug;
		};
		DEF3E83A2569E04200928809 /* Release */ = {
			isa = XCBuildConfiguration;
			buildSettings = {
				ASSETCATALOG_COMPILER_APPICON_NAME = AppIcon;
				ASSETCATALOG_COMPILER_GLOBAL_ACCENT_COLOR_NAME = AccentColor;
				CODE_SIGN_STYLE = Automatic;
				DEVELOPMENT_ASSET_PATHS = "\"Images/Preview Content\"";
				DEVELOPMENT_TEAM = P4L2M42FLR;
				ENABLE_PREVIEWS = YES;
				INFOPLIST_FILE = Images/Info.plist;
				IPHONEOS_DEPLOYMENT_TARGET = 14.0;
				LD_RUNPATH_SEARCH_PATHS = (
					"$(inherited)",
					"@executable_path/Frameworks",
				);
				PRODUCT_BUNDLE_IDENTIFIER = dev.jakcharvat.Images;
				PRODUCT_NAME = "$(TARGET_NAME)";
				SWIFT_VERSION = 5.0;
				TARGETED_DEVICE_FAMILY = "1,2";
			};
			name = Release;
		};
		DEF3E86B256A87DF00928809 /* Debug */ = {
			isa = XCBuildConfiguration;
			buildSettings = {
				ASSETCATALOG_COMPILER_APPICON_NAME = AppIcon;
				ASSETCATALOG_COMPILER_GLOBAL_ACCENT_COLOR_NAME = AccentColor;
				CODE_SIGN_ENTITLEMENTS = "Images Mac/Images_Mac.entitlements";
				CODE_SIGN_STYLE = Automatic;
				COMBINE_HIDPI_IMAGES = YES;
				DEVELOPMENT_ASSET_PATHS = "\"Images Mac/Preview Content\"";
				DEVELOPMENT_TEAM = P4L2M42FLR;
				ENABLE_HARDENED_RUNTIME = YES;
				ENABLE_PREVIEWS = YES;
				INFOPLIST_FILE = "Images Mac/Info.plist";
				LD_RUNPATH_SEARCH_PATHS = (
					"$(inherited)",
					"@executable_path/../Frameworks",
				);
				MACOSX_DEPLOYMENT_TARGET = 11.0;
				PRODUCT_BUNDLE_IDENTIFIER = "dev.jakcharvat.Images-Mac";
				PRODUCT_NAME = "$(TARGET_NAME)";
				SDKROOT = macosx;
				SWIFT_VERSION = 5.0;
			};
			name = Debug;
		};
		DEF3E86C256A87DF00928809 /* Release */ = {
			isa = XCBuildConfiguration;
			buildSettings = {
				ASSETCATALOG_COMPILER_APPICON_NAME = AppIcon;
				ASSETCATALOG_COMPILER_GLOBAL_ACCENT_COLOR_NAME = AccentColor;
				CODE_SIGN_ENTITLEMENTS = "Images Mac/Images_Mac.entitlements";
				CODE_SIGN_STYLE = Automatic;
				COMBINE_HIDPI_IMAGES = YES;
				DEVELOPMENT_ASSET_PATHS = "\"Images Mac/Preview Content\"";
				DEVELOPMENT_TEAM = P4L2M42FLR;
				ENABLE_HARDENED_RUNTIME = YES;
				ENABLE_PREVIEWS = YES;
				INFOPLIST_FILE = "Images Mac/Info.plist";
				LD_RUNPATH_SEARCH_PATHS = (
					"$(inherited)",
					"@executable_path/../Frameworks",
				);
				MACOSX_DEPLOYMENT_TARGET = 11.0;
				PRODUCT_BUNDLE_IDENTIFIER = "dev.jakcharvat.Images-Mac";
				PRODUCT_NAME = "$(TARGET_NAME)";
				SDKROOT = macosx;
				SWIFT_VERSION = 5.0;
			};
			name = Release;
		};
		DEF3E8E9256D02D400928809 /* Debug */ = {
			isa = XCBuildConfiguration;
			buildSettings = {
				ASSETCATALOG_COMPILER_APPICON_NAME = AppIcon;
				ASSETCATALOG_COMPILER_GLOBAL_ACCENT_COLOR_NAME = AccentColor;
				CODE_SIGN_ENTITLEMENTS = Predictions/Predictions.entitlements;
				CODE_SIGN_STYLE = Automatic;
				COMBINE_HIDPI_IMAGES = YES;
				DEVELOPMENT_ASSET_PATHS = "\"Predictions/Preview Content\"";
				DEVELOPMENT_TEAM = P4L2M42FLR;
				ENABLE_HARDENED_RUNTIME = YES;
				ENABLE_PREVIEWS = YES;
				INFOPLIST_FILE = Predictions/Info.plist;
				LD_RUNPATH_SEARCH_PATHS = (
					"$(inherited)",
					"@executable_path/../Frameworks",
				);
				MACOSX_DEPLOYMENT_TARGET = 11.0;
				PRODUCT_BUNDLE_IDENTIFIER = dev.jakcharvat.Predictions;
				PRODUCT_NAME = "$(TARGET_NAME)";
				SDKROOT = macosx;
				SWIFT_VERSION = 5.0;
			};
			name = Debug;
		};
		DEF3E8EA256D02D400928809 /* Release */ = {
			isa = XCBuildConfiguration;
			buildSettings = {
				ASSETCATALOG_COMPILER_APPICON_NAME = AppIcon;
				ASSETCATALOG_COMPILER_GLOBAL_ACCENT_COLOR_NAME = AccentColor;
				CODE_SIGN_ENTITLEMENTS = Predictions/Predictions.entitlements;
				CODE_SIGN_STYLE = Automatic;
				COMBINE_HIDPI_IMAGES = YES;
				DEVELOPMENT_ASSET_PATHS = "\"Predictions/Preview Content\"";
				DEVELOPMENT_TEAM = P4L2M42FLR;
				ENABLE_HARDENED_RUNTIME = YES;
				ENABLE_PREVIEWS = YES;
				INFOPLIST_FILE = Predictions/Info.plist;
				LD_RUNPATH_SEARCH_PATHS = (
					"$(inherited)",
					"@executable_path/../Frameworks",
				);
				MACOSX_DEPLOYMENT_TARGET = 11.0;
				PRODUCT_BUNDLE_IDENTIFIER = dev.jakcharvat.Predictions;
				PRODUCT_NAME = "$(TARGET_NAME)";
				SDKROOT = macosx;
				SWIFT_VERSION = 5.0;
			};
			name = Release;
		};
/* End XCBuildConfiguration section */

/* Begin XCConfigurationList section */
		DEF3E80E2569E03F00928809 /* Build configuration list for PBXProject "Images" */ = {
			isa = XCConfigurationList;
			buildConfigurations = (
				DEF3E8362569E04200928809 /* Debug */,
				DEF3E8372569E04200928809 /* Release */,
			);
			defaultConfigurationIsVisible = 0;
			defaultConfigurationName = Release;
		};
		DEF3E8382569E04200928809 /* Build configuration list for PBXNativeTarget "Images" */ = {
			isa = XCConfigurationList;
			buildConfigurations = (
				DEF3E8392569E04200928809 /* Debug */,
				DEF3E83A2569E04200928809 /* Release */,
			);
			defaultConfigurationIsVisible = 0;
			defaultConfigurationName = Release;
		};
		DEF3E871256A87DF00928809 /* Build configuration list for PBXNativeTarget "Images Mac" */ = {
			isa = XCConfigurationList;
			buildConfigurations = (
				DEF3E86B256A87DF00928809 /* Debug */,
				DEF3E86C256A87DF00928809 /* Release */,
			);
			defaultConfigurationIsVisible = 0;
			defaultConfigurationName = Release;
		};
		DEF3E8E8256D02D400928809 /* Build configuration list for PBXNativeTarget "Predictions" */ = {
			isa = XCConfigurationList;
			buildConfigurations = (
				DEF3E8E9256D02D400928809 /* Debug */,
				DEF3E8EA256D02D400928809 /* Release */,
			);
			defaultConfigurationIsVisible = 0;
			defaultConfigurationName = Release;
		};
/* End XCConfigurationList section */

/* Begin XCRemoteSwiftPackageReference section */
		DEF3E931256DCCE300928809 /* XCRemoteSwiftPackageReference "SWCompression" */ = {
			isa = XCRemoteSwiftPackageReference;
			repositoryURL = "https://github.com/tsolomko/SWCompression.git";
			requirement = {
				kind = upToNextMajorVersion;
				minimumVersion = 4.5.7;
			};
		};
/* End XCRemoteSwiftPackageReference section */

/* Begin XCSwiftPackageProductDependency section */
		DEF3E932256DCCE300928809 /* SWCompression */ = {
			isa = XCSwiftPackageProductDependency;
			package = DEF3E931256DCCE300928809 /* XCRemoteSwiftPackageReference "SWCompression" */;
			productName = SWCompression;
		};
		DEF3E938256DCD0600928809 /* SWCompression */ = {
			isa = XCSwiftPackageProductDependency;
			package = DEF3E931256DCCE300928809 /* XCRemoteSwiftPackageReference "SWCompression" */;
			productName = SWCompression;
		};
/* End XCSwiftPackageProductDependency section */
	};
	rootObject = DEF3E80B2569E03F00928809 /* Project object */;
}
